{
  "name": "budget-buddy",
  "lockfileVersion": 3,
  "requires": true,
  "packages": {
    "": {
      "dependencies": {
        "@syncfusion/ej2-vue-gantt": "^21.2.3",
        "vuejs-datepicker": "^1.6.2"
      },
      "devDependencies": {
        "@types/swiper": "^6.0.0",
        "swiper": "^9.2.4"
      }
    },
    "node_modules/@babel/parser": {
      "version": "7.21.4",
      "resolved": "https://registry.npmjs.org/@babel/parser/-/parser-7.21.4.tgz",
      "integrity": "sha512-alVJj7k7zIxqBZ7BTRhz0IqJFxW1VJbm6N8JbcYhQ186df9ZBPbZBmWSqAMXwHGsCJdYks7z/voa3ibiS5bCIw==",
      "peer": true,
      "bin": {
        "parser": "bin/babel-parser.js"
      },
      "engines": {
        "node": ">=6.0.0"
      }
    },
    "node_modules/@syncfusion/ej2-base": {
      "version": "21.2.3",
      "resolved": "https://registry.npmjs.org/@syncfusion/ej2-base/-/ej2-base-21.2.3.tgz",
      "integrity": "sha512-dUMehTP62PWZZbZjbvFAr9li5bVqAcpy4mPyLNYbIkXujWHuJqxlcihuvZWZKPXZ1RynzK6YerWbBwjFKKz6vA==",
      "dependencies": {
        "@syncfusion/ej2-icons": "~21.2.3"
      },
      "bin": {
        "syncfusion-license": "bin/syncfusion-license.js"
      }
    },
    "node_modules/@syncfusion/ej2-buttons": {
      "version": "21.2.3",
      "resolved": "https://registry.npmjs.org/@syncfusion/ej2-buttons/-/ej2-buttons-21.2.3.tgz",
      "integrity": "sha512-j1HQkmfM7eBqXLFuHa0AJ/WsCosPKVpM0fr9dSPHp+wGGvdSMZf0HrYRAAYPFr+rgznowQirvgJDbryFtmR+Mw==",
      "dependencies": {
        "@syncfusion/ej2-base": "~21.2.3"
      }
    },
    "node_modules/@syncfusion/ej2-calendars": {
      "version": "21.2.3",
      "resolved": "https://registry.npmjs.org/@syncfusion/ej2-calendars/-/ej2-calendars-21.2.3.tgz",
      "integrity": "sha512-qd9ZhhDVARJKqQHh3u5KFqjhgvencqqoMcouNkfQaGuo7nQZwUyUR3jrRsFlWJze04kdtbDDoCp0ITlSRo6nPg==",
      "dependencies": {
        "@syncfusion/ej2-base": "~21.2.3",
        "@syncfusion/ej2-buttons": "~21.2.3",
        "@syncfusion/ej2-inputs": "~21.2.3",
        "@syncfusion/ej2-lists": "~21.2.3",
        "@syncfusion/ej2-popups": "~21.2.3"
      }
    },
    "node_modules/@syncfusion/ej2-compression": {
      "version": "21.2.3",
      "resolved": "https://registry.npmjs.org/@syncfusion/ej2-compression/-/ej2-compression-21.2.3.tgz",
      "integrity": "sha512-J2bqSwG8AoGB0fkEQcdMTPwMDwNU9CP3LqS3P7UptG1dzJfVSDBIMRXQMQGiWSomjXPuqvgFtAKXISp6noY+wA==",
      "dependencies": {
        "@syncfusion/ej2-file-utils": "~21.2.3"
      }
    },
    "node_modules/@syncfusion/ej2-data": {
      "version": "21.2.3",
      "resolved": "https://registry.npmjs.org/@syncfusion/ej2-data/-/ej2-data-21.2.3.tgz",
      "integrity": "sha512-0srTnClTP0zsIYpRTZn877OY7bEbktMYEhoz5mBUYVcxbgmRM0LuCXfi7X+fGA0f2WCYnoEXhp044XuzjjhPyA==",
      "dependencies": {
        "@syncfusion/ej2-base": "~21.2.3"
      }
    },
    "node_modules/@syncfusion/ej2-dropdowns": {
      "version": "21.2.3",
      "resolved": "https://registry.npmjs.org/@syncfusion/ej2-dropdowns/-/ej2-dropdowns-21.2.3.tgz",
      "integrity": "sha512-Qb3kR6JAXmUJC2IlrbVb3S+we/OvNURZufUksx8SZU3EQ9oIiLoIGDH9kzDahE9LGj99w3GRqZtpqNtJKtd+0g==",
      "dependencies": {
        "@syncfusion/ej2-base": "~21.2.3",
        "@syncfusion/ej2-data": "~21.2.3",
        "@syncfusion/ej2-inputs": "~21.2.3",
        "@syncfusion/ej2-lists": "~21.2.3",
        "@syncfusion/ej2-navigations": "~21.2.3",
        "@syncfusion/ej2-popups": "~21.2.3"
      }
    },
    "node_modules/@syncfusion/ej2-excel-export": {
      "version": "21.2.3",
      "resolved": "https://registry.npmjs.org/@syncfusion/ej2-excel-export/-/ej2-excel-export-21.2.3.tgz",
      "integrity": "sha512-gb21JlKdDLDbKBYZxYTDUe9k3Qy6bBruSAnaBxS37gk7Cgppqhtt50Ayd1VzNmH7EGuwhBjgxZhxdQI2w9FjNw==",
      "dependencies": {
        "@syncfusion/ej2-base": "~21.2.3",
        "@syncfusion/ej2-compression": "~21.2.3"
      }
    },
    "node_modules/@syncfusion/ej2-file-utils": {
      "version": "21.2.3",
      "resolved": "https://registry.npmjs.org/@syncfusion/ej2-file-utils/-/ej2-file-utils-21.2.3.tgz",
      "integrity": "sha512-fOvqTeRgKTkQSpHlSF6P1Twoa5DRrTq6Cs2lhnNyD26PofAh/58Zi88jJ+pdehtQb1JeAzxpvPJO2wiZ27VqjA=="
    },
    "node_modules/@syncfusion/ej2-filemanager": {
      "version": "21.2.3",
      "resolved": "https://registry.npmjs.org/@syncfusion/ej2-filemanager/-/ej2-filemanager-21.2.3.tgz",
      "integrity": "sha512-w6Dqa6kPgR4biq5+c/kbdAJCgmXLZnVdQNfDFgNt+M4YS576Z2oZ8imiH/bwO0jhmBWTzRACbWPa7ABvtKf5yw==",
      "dependencies": {
        "@syncfusion/ej2-base": "~21.2.3",
        "@syncfusion/ej2-buttons": "~21.2.3",
        "@syncfusion/ej2-data": "~21.2.3",
        "@syncfusion/ej2-grids": "~21.2.3",
        "@syncfusion/ej2-inputs": "~21.2.3",
        "@syncfusion/ej2-layouts": "~21.2.3",
        "@syncfusion/ej2-lists": "~21.2.3",
        "@syncfusion/ej2-navigations": "~21.2.3",
        "@syncfusion/ej2-popups": "~21.2.3",
        "@syncfusion/ej2-splitbuttons": "~21.2.3"
      }
    },
    "node_modules/@syncfusion/ej2-gantt": {
      "version": "21.2.3",
      "resolved": "https://registry.npmjs.org/@syncfusion/ej2-gantt/-/ej2-gantt-21.2.3.tgz",
      "integrity": "sha512-EE6fzq55iqTeR19qXQ9zeMP6ENS39VjTH9FjZJMsW4Lo8oRIsEcEhSmog+YiJaj78l8qcIN8cYV45lg54quv9w==",
      "dependencies": {
        "@syncfusion/ej2-base": "~21.2.3",
        "@syncfusion/ej2-buttons": "~21.2.3",
        "@syncfusion/ej2-calendars": "~21.2.3",
        "@syncfusion/ej2-data": "~21.2.3",
        "@syncfusion/ej2-dropdowns": "~21.2.3",
        "@syncfusion/ej2-grids": "~21.2.3",
        "@syncfusion/ej2-inputs": "~21.2.3",
        "@syncfusion/ej2-layouts": "~21.2.3",
        "@syncfusion/ej2-lists": "~21.2.3",
        "@syncfusion/ej2-navigations": "~21.2.3",
        "@syncfusion/ej2-notifications": "~21.2.3",
        "@syncfusion/ej2-popups": "~21.2.3",
        "@syncfusion/ej2-richtexteditor": "~21.2.3",
        "@syncfusion/ej2-treegrid": "~21.2.3"
      }
    },
    "node_modules/@syncfusion/ej2-grids": {
      "version": "21.2.3",
      "resolved": "https://registry.npmjs.org/@syncfusion/ej2-grids/-/ej2-grids-21.2.3.tgz",
      "integrity": "sha512-VQs/aWpTiR7JPj1y3iUqrcGRCz6leCqsuw60RpIG2QVrFJJDy9QXVIIUceG4xG7pbeeBQpYN1Ay99ZT7lzEG6g==",
      "dependencies": {
        "@syncfusion/ej2-base": "~21.2.3",
        "@syncfusion/ej2-buttons": "~21.2.3",
        "@syncfusion/ej2-calendars": "~21.2.3",
        "@syncfusion/ej2-compression": "~21.2.3",
        "@syncfusion/ej2-data": "~21.2.3",
        "@syncfusion/ej2-dropdowns": "~21.2.3",
        "@syncfusion/ej2-excel-export": "~21.2.3",
        "@syncfusion/ej2-file-utils": "~21.2.3",
        "@syncfusion/ej2-inputs": "~21.2.3",
        "@syncfusion/ej2-lists": "~21.2.3",
        "@syncfusion/ej2-navigations": "~21.2.3",
        "@syncfusion/ej2-notifications": "~21.2.3",
        "@syncfusion/ej2-pdf-export": "~21.2.3",
        "@syncfusion/ej2-popups": "~21.2.3",
        "@syncfusion/ej2-splitbuttons": "~21.2.3"
      }
    },
    "node_modules/@syncfusion/ej2-icons": {
      "version": "21.2.3",
      "resolved": "https://registry.npmjs.org/@syncfusion/ej2-icons/-/ej2-icons-21.2.3.tgz",
      "integrity": "sha512-LSu+sXQHRO6eTjD1D66GPQALoUMVRZXeLnZ86WWAI7V3j8rfCDAiI4tG8XQ7nncuHgGO2e36T9A70J1eRh0/ng=="
    },
    "node_modules/@syncfusion/ej2-inputs": {
      "version": "21.2.3",
      "resolved": "https://registry.npmjs.org/@syncfusion/ej2-inputs/-/ej2-inputs-21.2.3.tgz",
      "integrity": "sha512-GpxAmrMTi8rzjoFTy9YpLeozm3WJ5wCHVSpzgg5nHuutgbsarlqYecLVTG7ePxUB9TFAAXXLdWcVzVebUlEIXQ==",
      "dependencies": {
        "@syncfusion/ej2-base": "~21.2.3",
        "@syncfusion/ej2-buttons": "~21.2.3",
        "@syncfusion/ej2-popups": "~21.2.3",
        "@syncfusion/ej2-splitbuttons": "~21.2.3"
      }
    },
    "node_modules/@syncfusion/ej2-layouts": {
      "version": "21.2.3",
      "resolved": "https://registry.npmjs.org/@syncfusion/ej2-layouts/-/ej2-layouts-21.2.3.tgz",
      "integrity": "sha512-MDvTp+3gaaeSLkr6D9iDktzJet2YuKZtMGXZhfyItGaj/YMIVwC5kmmHCFG2uToP1SAVUG7G38K6SFyWPPL1NQ==",
      "dependencies": {
        "@syncfusion/ej2-base": "~21.2.3"
      }
    },
    "node_modules/@syncfusion/ej2-lists": {
      "version": "21.2.3",
      "resolved": "https://registry.npmjs.org/@syncfusion/ej2-lists/-/ej2-lists-21.2.3.tgz",
      "integrity": "sha512-0eYnOb435N7TEFHUFmeffxIvt2hcAUNP7c5iHXH4+S/QWqJ9l5Jpvs1SNmpGMYU5HSyRyWZiDHjkMLRSklIsnQ==",
      "dependencies": {
        "@syncfusion/ej2-base": "~21.2.3",
        "@syncfusion/ej2-buttons": "~21.2.3",
        "@syncfusion/ej2-data": "~21.2.3"
      }
    },
    "node_modules/@syncfusion/ej2-navigations": {
      "version": "21.2.3",
      "resolved": "https://registry.npmjs.org/@syncfusion/ej2-navigations/-/ej2-navigations-21.2.3.tgz",
      "integrity": "sha512-02Eu1R3dfrtPr357seR2bOr5rz4u9d/zGZfK8mxS6uM7/H5MVLYkQ9RR91qYggdlzskUpMXsMWD8Q0MyrUQGCg==",
      "dependencies": {
        "@syncfusion/ej2-base": "~21.2.3",
        "@syncfusion/ej2-buttons": "~21.2.3",
        "@syncfusion/ej2-data": "~21.2.3",
        "@syncfusion/ej2-inputs": "~21.2.3",
        "@syncfusion/ej2-lists": "~21.2.3",
        "@syncfusion/ej2-popups": "~21.2.3"
      }
    },
    "node_modules/@syncfusion/ej2-notifications": {
      "version": "21.2.3",
      "resolved": "https://registry.npmjs.org/@syncfusion/ej2-notifications/-/ej2-notifications-21.2.3.tgz",
      "integrity": "sha512-U6NxkG6poLjSbwstU7aC9//1V+/Fy5VlvYkHBAVbo3jKVDcvEeupgong4ULNTAO/RPMCIUHajy8ytdnnAJ5iJw==",
      "dependencies": {
        "@syncfusion/ej2-base": "~21.2.3",
        "@syncfusion/ej2-buttons": "~21.2.3",
        "@syncfusion/ej2-popups": "~21.2.3"
      }
    },
    "node_modules/@syncfusion/ej2-pdf-export": {
      "version": "21.2.3",
      "resolved": "https://registry.npmjs.org/@syncfusion/ej2-pdf-export/-/ej2-pdf-export-21.2.3.tgz",
      "integrity": "sha512-z1fOEfihiHz/9kTX4+k8WcdBVMCG33OK2/+mr1i70oUBd7dsguBGCHCnyihttoY1djcJMi3bLZs0zUo5Dw4j6g==",
      "dependencies": {
        "@syncfusion/ej2-compression": "~21.2.3"
      }
    },
    "node_modules/@syncfusion/ej2-popups": {
      "version": "21.2.3",
      "resolved": "https://registry.npmjs.org/@syncfusion/ej2-popups/-/ej2-popups-21.2.3.tgz",
      "integrity": "sha512-rAXSVzniejoNS4K+8Jlc2wDSxWZ5WdPhITNzr8YkRjTlJhA0hw5I8z1qqJ+dvAYY9dEDNBI0lp0nebfkMAWiig==",
      "dependencies": {
        "@syncfusion/ej2-base": "~21.2.3",
        "@syncfusion/ej2-buttons": "~21.2.3"
      }
    },
    "node_modules/@syncfusion/ej2-richtexteditor": {
      "version": "21.2.3",
      "resolved": "https://registry.npmjs.org/@syncfusion/ej2-richtexteditor/-/ej2-richtexteditor-21.2.3.tgz",
      "integrity": "sha512-TFVnLsCS8Qj3cpEVSRIJK4mrW9HWELOvF+QopMqgO2rUagww7OB8mXZwZQMgoPZXEF5S6dVuLrAaoXmPlHg8dQ==",
      "dependencies": {
        "@syncfusion/ej2-base": "~21.2.3",
        "@syncfusion/ej2-buttons": "~21.2.3",
        "@syncfusion/ej2-filemanager": "~21.2.3",
        "@syncfusion/ej2-inputs": "~21.2.3",
        "@syncfusion/ej2-navigations": "~21.2.3",
        "@syncfusion/ej2-popups": "~21.2.3",
        "@syncfusion/ej2-splitbuttons": "~21.2.3"
      }
    },
    "node_modules/@syncfusion/ej2-splitbuttons": {
      "version": "21.2.3",
      "resolved": "https://registry.npmjs.org/@syncfusion/ej2-splitbuttons/-/ej2-splitbuttons-21.2.3.tgz",
      "integrity": "sha512-G+czEjiXJ8dZ540nfTsN15WLtkm5i9EgcQGaMw37wnRy511LZweBGeFBCKgobNyqmuxM7GPSV049BUCdhxl5rA==",
      "dependencies": {
        "@syncfusion/ej2-base": "~21.2.3",
        "@syncfusion/ej2-popups": "~21.2.3"
      }
    },
    "node_modules/@syncfusion/ej2-treegrid": {
      "version": "21.2.3",
      "resolved": "https://registry.npmjs.org/@syncfusion/ej2-treegrid/-/ej2-treegrid-21.2.3.tgz",
      "integrity": "sha512-jTFb5s25ZECY4QZb2/cc1akvv0xbHbzoqq5g3mFlU5Y6iLxInfnu776lBEGsVvOib8YNR8T2/CtNTNADksz+nA==",
      "dependencies": {
        "@syncfusion/ej2-base": "~21.2.3",
        "@syncfusion/ej2-data": "~21.2.3",
        "@syncfusion/ej2-grids": "~21.2.3",
        "@syncfusion/ej2-popups": "~21.2.3"
      }
    },
    "node_modules/@syncfusion/ej2-vue-base": {
      "version": "21.2.3",
      "resolved": "https://registry.npmjs.org/@syncfusion/ej2-vue-base/-/ej2-vue-base-21.2.3.tgz",
      "integrity": "sha512-E9PTj5isA4+jD1g93ibN0voHKw0hF2dhTM6/OvBzZBOmC/bBTv/p4TkLtbSjtLJpvYM3DXNCKjSSaAYiu+VlOA==",
      "dependencies": {
        "@syncfusion/ej2-base": "~21.2.3"
      }
    },
    "node_modules/@syncfusion/ej2-vue-gantt": {
      "version": "21.2.3",
      "resolved": "https://registry.npmjs.org/@syncfusion/ej2-vue-gantt/-/ej2-vue-gantt-21.2.3.tgz",
      "integrity": "sha512-g+iBWKsH8ibGSAW5Y/OrQSyCc2CwUdcu0I6cK4CB5SqsHeKY1h159nNB/1IIE/PV9uCSAPO6eXZq3HAK9oWBoA==",
      "dependencies": {
        "@syncfusion/ej2-base": "~21.2.3",
        "@syncfusion/ej2-gantt": "21.2.3",
        "@syncfusion/ej2-vue-base": "~21.2.3"
      }
    },
    "node_modules/@types/swiper": {
      "version": "6.0.0",
      "resolved": "https://registry.npmjs.org/@types/swiper/-/swiper-6.0.0.tgz",
      "integrity": "sha512-QPZRgxZ+ivXXtzV43B3LxpXUIC7FE/EoKM+rtxngmgt2M7eeUYypZhyqZD8UxJtlBcUDw/ATGoVeSNpvBBrz2w==",
      "deprecated": "This is a stub types definition. swiper provides its own type definitions, so you do not need this installed.",
      "dev": true,
      "dependencies": {
        "swiper": "*"
      }
    },
    "node_modules/@vue/compiler-sfc": {
      "version": "2.7.14",
      "resolved": "https://registry.npmjs.org/@vue/compiler-sfc/-/compiler-sfc-2.7.14.tgz",
      "integrity": "sha512-aNmNHyLPsw+sVvlQFQ2/8sjNuLtK54TC6cuKnVzAY93ks4ZBrvwQSnkkIh7bsbNhum5hJBS00wSDipQ937f5DA==",
      "peer": true,
      "dependencies": {
        "@babel/parser": "^7.18.4",
        "postcss": "^8.4.14",
        "source-map": "^0.6.1"
      }
    },
    "node_modules/csstype": {
      "version": "3.1.2",
      "resolved": "https://registry.npmjs.org/csstype/-/csstype-3.1.2.tgz",
      "integrity": "sha512-I7K1Uu0MBPzaFKg4nI5Q7Vs2t+3gWWW648spaF+Rg7pI9ds18Ugn+lvg4SHczUdKlHI5LWBXyqfS8+DufyBsgQ==",
      "peer": true
    },
    "node_modules/nanoid": {
      "version": "3.3.6",
      "resolved": "https://registry.npmjs.org/nanoid/-/nanoid-3.3.6.tgz",
      "integrity": "sha512-BGcqMMJuToF7i1rt+2PWSNVnWIkGCU78jBG3RxO/bZlnZPK2Cmi2QaffxGO/2RvWi9sL+FAiRiXMgsyxQ1DIDA==",
      "funding": [
        {
          "type": "github",
          "url": "https://github.com/sponsors/ai"
        }
      ],
      "peer": true,
      "bin": {
        "nanoid": "bin/nanoid.cjs"
      },
      "engines": {
        "node": "^10 || ^12 || ^13.7 || ^14 || >=15.0.1"
      }
    },
    "node_modules/picocolors": {
      "version": "1.0.0",
      "resolved": "https://registry.npmjs.org/picocolors/-/picocolors-1.0.0.tgz",
      "integrity": "sha512-1fygroTLlHu66zi26VoTDv8yRgm0Fccecssto+MhsZ0D/DGW2sm8E8AjW7NU5VVTRt5GxbeZ5qBuJr+HyLYkjQ==",
      "peer": true
    },
    "node_modules/postcss": {
      "version": "8.4.23",
      "resolved": "https://registry.npmjs.org/postcss/-/postcss-8.4.23.tgz",
      "integrity": "sha512-bQ3qMcpF6A/YjR55xtoTr0jGOlnPOKAIMdOWiv0EIT6HVPEaJiJB4NLljSbiHoC2RX7DN5Uvjtpbg1NPdwv1oA==",
      "funding": [
        {
          "type": "opencollective",
          "url": "https://opencollective.com/postcss/"
        },
        {
          "type": "tidelift",
          "url": "https://tidelift.com/funding/github/npm/postcss"
        },
        {
          "type": "github",
          "url": "https://github.com/sponsors/ai"
        }
      ],
      "peer": true,
      "dependencies": {
        "nanoid": "^3.3.6",
        "picocolors": "^1.0.0",
        "source-map-js": "^1.0.2"
      },
      "engines": {
        "node": "^10 || ^12 || >=14"
      }
    },
    "node_modules/source-map": {
      "version": "0.6.1",
      "resolved": "https://registry.npmjs.org/source-map/-/source-map-0.6.1.tgz",
      "integrity": "sha512-UjgapumWlbMhkBgzT7Ykc5YXUT46F0iKu8SGXq0bcwP5dz/h0Plj6enJqjz1Zbq2l5WaqYnrVbwWOWMyF3F47g==",
      "peer": true,
      "engines": {
        "node": ">=0.10.0"
      }
    },
    "node_modules/source-map-js": {
      "version": "1.0.2",
      "resolved": "https://registry.npmjs.org/source-map-js/-/source-map-js-1.0.2.tgz",
      "integrity": "sha512-R0XvVJ9WusLiqTCEiGCmICCMplcCkIwwR11mOSD9CR5u+IXYdiseeEuXCVAjS54zqwkLcPNnmU4OeJ6tUrWhDw==",
      "peer": true,
      "engines": {
        "node": ">=0.10.0"
      }
    },
    "node_modules/ssr-window": {
      "version": "4.0.2",
      "resolved": "https://registry.npmjs.org/ssr-window/-/ssr-window-4.0.2.tgz",
      "integrity": "sha512-ISv/Ch+ig7SOtw7G2+qkwfVASzazUnvlDTwypdLoPoySv+6MqlOV10VwPSE6EWkGjhW50lUmghPmpYZXMu/+AQ==",
      "dev": true
    },
    "node_modules/swiper": {
      "version": "9.2.4",
      "resolved": "https://registry.npmjs.org/swiper/-/swiper-9.2.4.tgz",
      "integrity": "sha512-L7y3K/iiMXNYQ94FbfcJn7jex4QPnS4+voXGupTdC+UHW4XrR40QDdm4c9hXJ+Br0Il7PP0vP1W3goM9/Ly6Sg==",
      "dev": true,
      "funding": [
        {
          "type": "patreon",
          "url": "https://www.patreon.com/swiperjs"
        },
        {
          "type": "open_collective",
          "url": "http://opencollective.com/swiper"
        }
      ],
      "dependencies": {
        "ssr-window": "^4.0.2"
      },
      "engines": {
        "node": ">= 4.7.0"
      }
    },
    "node_modules/vue": {
      "version": "2.7.14",
      "resolved": "https://registry.npmjs.org/vue/-/vue-2.7.14.tgz",
      "integrity": "sha512-b2qkFyOM0kwqWFuQmgd4o+uHGU7T+2z3T+WQp8UBjADfEv2n4FEMffzBmCKNP0IGzOEEfYjvtcC62xaSKeQDrQ==",
      "peer": true,
      "dependencies": {
        "@vue/compiler-sfc": "2.7.14",
        "csstype": "^3.1.0"
      }
    },
    "node_modules/vuejs-datepicker": {
      "version": "1.6.2",
      "resolved": "https://registry.npmjs.org/vuejs-datepicker/-/vuejs-datepicker-1.6.2.tgz",
      "integrity": "sha512-PkC4vxzFBo7i6FSCUAJfnaWOx6VkKbOqxijSGHHlWxh8FIUKEZVtFychkonVWtK3iwWfhmYtqHcwsmgxefLpLQ==",
      "peerDependencies": {
        "vue": "^2.6.10"
      }
    }
  }
}
